// !$*UTF8*$!
{
	archiveVersion = 1;
	classes = {
	};
	objectVersion = 46;
	objects = {

/* Begin PBXBuildFile section */
		794AF0BE1C71FD0200C5E8DB /* NewCategoryVC.swift in Sources */ = {isa = PBXBuildFile; fileRef = 794AF0BD1C71FD0200C5E8DB /* NewCategoryVC.swift */; };
		8472C2FD1C6F992E00802C6D /* AppDelegate.swift in Sources */ = {isa = PBXBuildFile; fileRef = 8472C2FC1C6F992E00802C6D /* AppDelegate.swift */; };
		8472C3041C6F992E00802C6D /* Main.storyboard in Resources */ = {isa = PBXBuildFile; fileRef = 8472C3021C6F992E00802C6D /* Main.storyboard */; };
		8472C3061C6F992E00802C6D /* Assets.xcassets in Resources */ = {isa = PBXBuildFile; fileRef = 8472C3051C6F992E00802C6D /* Assets.xcassets */; };
		8472C3091C6F992E00802C6D /* LaunchScreen.storyboard in Resources */ = {isa = PBXBuildFile; fileRef = 8472C3071C6F992E00802C6D /* LaunchScreen.storyboard */; };
		8472C3111C6F9B3B00802C6D /* CategoriesTableVC.swift in Sources */ = {isa = PBXBuildFile; fileRef = 8472C3101C6F9B3B00802C6D /* CategoriesTableVC.swift */; };
		8472C3131C6F9B9400802C6D /* DBAPI.swift in Sources */ = {isa = PBXBuildFile; fileRef = 8472C3121C6F9B9400802C6D /* DBAPI.swift */; };
		8472C31A1C72680B00802C6D /* SubCategoryTableVC.swift in Sources */ = {isa = PBXBuildFile; fileRef = 8472C3191C72680B00802C6D /* SubCategoryTableVC.swift */; };
		8472C31C1C726AC100802C6D /* NewSubCategoryVC.swift in Sources */ = {isa = PBXBuildFile; fileRef = 8472C31B1C726AC100802C6D /* NewSubCategoryVC.swift */; };
		8472C31F1C747C6D00802C6D /* UIImageHelper.swift in Sources */ = {isa = PBXBuildFile; fileRef = 8472C31E1C747C6D00802C6D /* UIImageHelper.swift */; };
		8472C3211C7489F700802C6D /* PhotoCollectionVC.swift in Sources */ = {isa = PBXBuildFile; fileRef = 8472C3201C7489F700802C6D /* PhotoCollectionVC.swift */; };
		8472C3231C74AA8C00802C6D /* PhotoViewVC.swift in Sources */ = {isa = PBXBuildFile; fileRef = 8472C3221C74AA8C00802C6D /* PhotoViewVC.swift */; };
		8472C3251C74ED3A00802C6D /* CombinationTableVC.swift in Sources */ = {isa = PBXBuildFile; fileRef = 8472C3241C74ED3A00802C6D /* CombinationTableVC.swift */; };
		8472C3271C75143300802C6D /* CombinationViewVC.swift in Sources */ = {isa = PBXBuildFile; fileRef = 8472C3261C75143300802C6D /* CombinationViewVC.swift */; };
/* End PBXBuildFile section */

/* Begin PBXFileReference section */
		794AF0BD1C71FD0200C5E8DB /* NewCategoryVC.swift */ = {isa = PBXFileReference; fileEncoding = 4; lastKnownFileType = sourcecode.swift; path = NewCategoryVC.swift; sourceTree = "<group>"; };
		8472C2F91C6F992E00802C6D /* MyWardrope.app */ = {isa = PBXFileReference; explicitFileType = wrapper.application; includeInIndex = 0; path = MyWardrope.app; sourceTree = BUILT_PRODUCTS_DIR; };
		8472C2FC1C6F992E00802C6D /* AppDelegate.swift */ = {isa = PBXFileReference; lastKnownFileType = sourcecode.swift; path = AppDelegate.swift; sourceTree = "<group>"; };
		8472C3031C6F992E00802C6D /* Base */ = {isa = PBXFileReference; lastKnownFileType = file.storyboard; name = Base; path = Base.lproj/Main.storyboard; sourceTree = "<group>"; };
		8472C3051C6F992E00802C6D /* Assets.xcassets */ = {isa = PBXFileReference; lastKnownFileType = folder.assetcatalog; path = Assets.xcassets; sourceTree = "<group>"; };
		8472C3081C6F992E00802C6D /* Base */ = {isa = PBXFileReference; lastKnownFileType = file.storyboard; name = Base; path = Base.lproj/LaunchScreen.storyboard; sourceTree = "<group>"; };
		8472C30A1C6F992E00802C6D /* Info.plist */ = {isa = PBXFileReference; lastKnownFileType = text.plist.xml; path = Info.plist; sourceTree = "<group>"; };
		8472C3101C6F9B3B00802C6D /* CategoriesTableVC.swift */ = {isa = PBXFileReference; fileEncoding = 4; lastKnownFileType = sourcecode.swift; path = CategoriesTableVC.swift; sourceTree = "<group>"; };
		8472C3121C6F9B9400802C6D /* DBAPI.swift */ = {isa = PBXFileReference; fileEncoding = 4; lastKnownFileType = sourcecode.swift; path = DBAPI.swift; sourceTree = "<group>"; };
		8472C3191C72680B00802C6D /* SubCategoryTableVC.swift */ = {isa = PBXFileReference; fileEncoding = 4; lastKnownFileType = sourcecode.swift; path = SubCategoryTableVC.swift; sourceTree = "<group>"; };
		8472C31B1C726AC100802C6D /* NewSubCategoryVC.swift */ = {isa = PBXFileReference; fileEncoding = 4; lastKnownFileType = sourcecode.swift; path = NewSubCategoryVC.swift; sourceTree = "<group>"; };
		8472C31E1C747C6D00802C6D /* UIImageHelper.swift */ = {isa = PBXFileReference; fileEncoding = 4; lastKnownFileType = sourcecode.swift; path = UIImageHelper.swift; sourceTree = "<group>"; };
		8472C3201C7489F700802C6D /* PhotoCollectionVC.swift */ = {isa = PBXFileReference; fileEncoding = 4; lastKnownFileType = sourcecode.swift; path = PhotoCollectionVC.swift; sourceTree = "<group>"; };
		8472C3221C74AA8C00802C6D /* PhotoViewVC.swift */ = {isa = PBXFileReference; fileEncoding = 4; lastKnownFileType = sourcecode.swift; path = PhotoViewVC.swift; sourceTree = "<group>"; };
		8472C3241C74ED3A00802C6D /* CombinationTableVC.swift */ = {isa = PBXFileReference; fileEncoding = 4; lastKnownFileType = sourcecode.swift; path = CombinationTableVC.swift; sourceTree = "<group>"; };
		8472C3261C75143300802C6D /* CombinationViewVC.swift */ = {isa = PBXFileReference; fileEncoding = 4; lastKnownFileType = sourcecode.swift; path = CombinationViewVC.swift; sourceTree = "<group>"; };
/* End PBXFileReference section */

/* Begin PBXFrameworksBuildPhase section */
		8472C2F61C6F992E00802C6D /* Frameworks */ = {
			isa = PBXFrameworksBuildPhase;
			buildActionMask = 2147483647;
			files = (
			);
			runOnlyForDeploymentPostprocessing = 0;
		};
/* End PBXFrameworksBuildPhase section */

/* Begin PBXGroup section */
		8472C2F01C6F992E00802C6D = {
			isa = PBXGroup;
			children = (
				8472C2FB1C6F992E00802C6D /* MyWardrope */,
				8472C2FA1C6F992E00802C6D /* Products */,
			);
			sourceTree = "<group>";
		};
		8472C2FA1C6F992E00802C6D /* Products */ = {
			isa = PBXGroup;
			children = (
				8472C2F91C6F992E00802C6D /* MyWardrope.app */,
			);
			name = Products;
			sourceTree = "<group>";
		};
		8472C2FB1C6F992E00802C6D /* MyWardrope */ = {
			isa = PBXGroup;
			children = (
				8472C31D1C747C4500802C6D /* Helper */,
				8472C2FC1C6F992E00802C6D /* AppDelegate.swift */,
				8472C3021C6F992E00802C6D /* Main.storyboard */,
				8472C3051C6F992E00802C6D /* Assets.xcassets */,
				8472C3071C6F992E00802C6D /* LaunchScreen.storyboard */,
				8472C30A1C6F992E00802C6D /* Info.plist */,
				8472C3171C6F9C0400802C6D /* VC */,
				8472C3181C6F9C1900802C6D /* DB */,
				8472C3161C6F9BF700802C6D /* model */,
			);
			path = MyWardrope;
			sourceTree = "<group>";
		};
		8472C3161C6F9BF700802C6D /* model */ = {
			isa = PBXGroup;
			children = (
			);
			name = model;
			sourceTree = "<group>";
		};
		8472C3171C6F9C0400802C6D /* VC */ = {
			isa = PBXGroup;
			children = (
				8472C3101C6F9B3B00802C6D /* CategoriesTableVC.swift */,
				794AF0BD1C71FD0200C5E8DB /* NewCategoryVC.swift */,
				8472C3191C72680B00802C6D /* SubCategoryTableVC.swift */,
				8472C31B1C726AC100802C6D /* NewSubCategoryVC.swift */,
				8472C3201C7489F700802C6D /* PhotoCollectionVC.swift */,
				8472C3221C74AA8C00802C6D /* PhotoViewVC.swift */,
				8472C3241C74ED3A00802C6D /* CombinationTableVC.swift */,
				8472C3261C75143300802C6D /* CombinationViewVC.swift */,
			);
			name = VC;
			sourceTree = "<group>";
		};
		8472C3181C6F9C1900802C6D /* DB */ = {
			isa = PBXGroup;
			children = (
				8472C3121C6F9B9400802C6D /* DBAPI.swift */,
			);
			name = DB;
			sourceTree = "<group>";
		};
		8472C31D1C747C4500802C6D /* Helper */ = {
			isa = PBXGroup;
			children = (
				8472C31E1C747C6D00802C6D /* UIImageHelper.swift */,
			);
			name = Helper;
			sourceTree = "<group>";
		};
/* End PBXGroup section */

/* Begin PBXNativeTarget section */
		8472C2F81C6F992E00802C6D /* MyWardrope */ = {
			isa = PBXNativeTarget;
			buildConfigurationList = 8472C30D1C6F992E00802C6D /* Build configuration list for PBXNativeTarget "MyWardrope" */;
			buildPhases = (
				8472C2F51C6F992E00802C6D /* Sources */,
				8472C2F61C6F992E00802C6D /* Frameworks */,
				8472C2F71C6F992E00802C6D /* Resources */,
			);
			buildRules = (
			);
			dependencies = (
			);
			name = MyWardrope;
			productName = MyWardrope;
			productReference = 8472C2F91C6F992E00802C6D /* MyWardrope.app */;
			productType = "com.apple.product-type.application";
		};
/* End PBXNativeTarget section */

/* Begin PBXProject section */
		8472C2F11C6F992E00802C6D /* Project object */ = {
			isa = PBXProject;
			attributes = {
				LastSwiftUpdateCheck = 0710;
				LastUpgradeCheck = 0710;
				ORGANIZATIONNAME = NAT;
				TargetAttributes = {
					8472C2F81C6F992E00802C6D = {
						CreatedOnToolsVersion = 7.1.1;
						DevelopmentTeam = 82Z3PJ4A3E;
					};
				};
			};
			buildConfigurationList = 8472C2F41C6F992E00802C6D /* Build configuration list for PBXProject "MyWardrope" */;
			compatibilityVersion = "Xcode 3.2";
			developmentRegion = English;
			hasScannedForEncodings = 0;
			knownRegions = (
				en,
				Base,
			);
			mainGroup = 8472C2F01C6F992E00802C6D;
			productRefGroup = 8472C2FA1C6F992E00802C6D /* Products */;
			projectDirPath = "";
			projectRoot = "";
			targets = (
				8472C2F81C6F992E00802C6D /* MyWardrope */,
			);
		};
/* End PBXProject section */

/* Begin PBXResourcesBuildPhase section */
		8472C2F71C6F992E00802C6D /* Resources */ = {
			isa = PBXResourcesBuildPhase;
			buildActionMask = 2147483647;
			files = (
				8472C3091C6F992E00802C6D /* LaunchScreen.storyboard in Resources */,
				8472C3061C6F992E00802C6D /* Assets.xcassets in Resources */,
				8472C3041C6F992E00802C6D /* Main.storyboard in Resources */,
			);
			runOnlyForDeploymentPostprocessing = 0;
		};
/* End PBXResourcesBuildPhase section */

/* Begin PBXSourcesBuildPhase section */
		8472C2F51C6F992E00802C6D /* Sources */ = {
			isa = PBXSourcesBuildPhase;
			buildActionMask = 2147483647;
			files = (
				8472C3231C74AA8C00802C6D /* PhotoViewVC.swift in Sources */,
				8472C3271C75143300802C6D /* CombinationViewVC.swift in Sources */,
				8472C31C1C726AC100802C6D /* NewSubCategoryVC.swift in Sources */,
				8472C3211C7489F700802C6D /* PhotoCollectionVC.swift in Sources */,
				8472C31A1C72680B00802C6D /* SubCategoryTableVC.swift in Sources */,
				8472C3131C6F9B9400802C6D /* DBAPI.swift in Sources */,
				8472C3111C6F9B3B00802C6D /* CategoriesTableVC.swift in Sources */,
				8472C2FD1C6F992E00802C6D /* AppDelegate.swift in Sources */,
				8472C3251C74ED3A00802C6D /* CombinationTableVC.swift in Sources */,
				794AF0BE1C71FD0200C5E8DB /* NewCategoryVC.swift in Sources */,
				8472C31F1C747C6D00802C6D /* UIImageHelper.swift in Sources */,
			);
			runOnlyForDeploymentPostprocessing = 0;
		};
/* End PBXSourcesBuildPhase section */

/* Begin PBXVariantGroup section */
		8472C3021C6F992E00802C6D /* Main.storyboard */ = {
			isa = PBXVariantGroup;
			children = (
				8472C3031C6F992E00802C6D /* Base */,
			);
			name = Main.storyboard;
			sourceTree = "<group>";
		};
		8472C3071C6F992E00802C6D /* LaunchScreen.storyboard */ = {
			isa = PBXVariantGroup;
			children = (
				8472C3081C6F992E00802C6D /* Base */,
			);
			name = LaunchScreen.storyboard;
			sourceTree = "<group>";
		};
/* End PBXVariantGroup section */

/* Begin XCBuildConfiguration section */
		8472C30B1C6F992E00802C6D /* Debug */ = {
			isa = XCBuildConfiguration;
			buildSettings = {
				ALWAYS_SEARCH_USER_PATHS = NO;
				CLANG_CXX_LANGUAGE_STANDARD = "gnu++0x";
				CLANG_CXX_LIBRARY = "libc++";
				CLANG_ENABLE_MODULES = YES;
				CLANG_ENABLE_OBJC_ARC = YES;
				CLANG_WARN_BOOL_CONVERSION = YES;
				CLANG_WARN_CONSTANT_CONVERSION = YES;
				CLANG_WARN_DIRECT_OBJC_ISA_USAGE = YES_ERROR;
				CLANG_WARN_EMPTY_BODY = YES;
				CLANG_WARN_ENUM_CONVERSION = YES;
				CLANG_WARN_INT_CONVERSION = YES;
				CLANG_WARN_OBJC_ROOT_CLASS = YES_ERROR;
				CLANG_WARN_UNREACHABLE_CODE = YES;
				CLANG_WARN__DUPLICATE_METHOD_MATCH = YES;
				"CODE_SIGN_IDENTITY[sdk=iphoneos*]" = "iPhone Developer";
				COPY_PHASE_STRIP = NO;
				DEBUG_INFORMATION_FORMAT = dwarf;
				ENABLE_STRICT_OBJC_MSGSEND = YES;
				ENABLE_TESTABILITY = YES;
				GCC_C_LANGUAGE_STANDARD = gnu99;
				GCC_DYNAMIC_NO_PIC = NO;
				GCC_NO_COMMON_BLOCKS = YES;
				GCC_OPTIMIZATION_LEVEL = 0;
				GCC_PREPROCESSOR_DEFINITIONS = (
					"DEBUG=1",
					"$(inherited)",
				);
				GCC_WARN_64_TO_32_BIT_CONVERSION = YES;
				GCC_WARN_ABOUT_RETURN_TYPE = YES_ERROR;
				GCC_WARN_UNDECLARED_SELECTOR = YES;
				GCC_WARN_UNINITIALIZED_AUTOS = YES_AGGRESSIVE;
				GCC_WARN_UNUSED_FUNCTION = YES;
				GCC_WARN_UNUSED_VARIABLE = YES;
				IPHONEOS_DEPLOYMENT_TARGET = 9.1;
				MTL_ENABLE_DEBUG_INFO = YES;
				ONLY_ACTIVE_ARCH = YES;
				SDKROOT = iphoneos;
				SWIFT_OPTIMIZATION_LEVEL = "-Onone";
				TARGETED_DEVICE_FAMILY = "1,2";
			};
			name = Debug;
		};
		8472C30C1C6F992E00802C6D /* Release */ = {
			isa = XCBuildConfiguration;
			buildSettings = {
				ALWAYS_SEARCH_USER_PATHS = NO;
				CLANG_CXX_LANGUAGE_STANDARD = "gnu++0x";
				CLANG_CXX_LIBRARY = "libc++";
				CLANG_ENABLE_MODULES = YES;
				CLANG_ENABLE_OBJC_ARC = YES;
				CLANG_WARN_BOOL_CONVERSION = YES;
				CLANG_WARN_CONSTANT_CONVERSION = YES;
				CLANG_WARN_DIRECT_OBJC_ISA_USAGE = YES_ERROR;
				CLANG_WARN_EMPTY_BODY = YES;
				CLANG_WARN_ENUM_CONVERSION = YES;
				CLANG_WARN_INT_CONVERSION = YES;
				CLANG_WARN_OBJC_ROOT_CLASS = YES_ERROR;
				CLANG_WARN_UNREACHABLE_CODE = YES;
				CLANG_WARN__DUPLICATE_METHOD_MATCH = YES;
				"CODE_SIGN_IDENTITY[sdk=iphoneos*]" = "iPhone Developer";
				COPY_PHASE_STRIP = NO;
				DEBUG_INFORMATION_FORMAT = "dwarf-with-dsym";
				ENABLE_NS_ASSERTIONS = NO;
				ENABLE_STRICT_OBJC_MSGSEND = YES;
				GCC_C_LANGUAGE_STANDARD = gnu99;
				GCC_NO_COMMON_BLOCKS = YES;
				GCC_WARN_64_TO_32_BIT_CONVERSION = YES;
				GCC_WARN_ABOUT_RETURN_TYPE = YES_ERROR;
				GCC_WARN_UNDECLARED_SELECTOR = YES;
				GCC_WARN_UNINITIALIZED_AUTOS = YES_AGGRESSIVE;
				GCC_WARN_UNUSED_FUNCTION = YES;
				GCC_WARN_UNUSED_VARIABLE = YES;
				IPHONEOS_DEPLOYMENT_TARGET = 9.1;
				MTL_ENABLE_DEBUG_INFO = NO;
				SDKROOT = iphoneos;
				TARGETED_DEVICE_FAMILY = "1,2";
				VALIDATE_PRODUCT = YES;
			};
			name = Release;
		};
		8472C30E1C6F992E00802C6D /* Debug */ = {
			isa = XCBuildConfiguration;
			buildSettings = {
				ASSETCATALOG_COMPILER_APPICON_NAME = AppIcon;
				CODE_SIGN_IDENTITY = "iPhone Developer";
				INFOPLIST_FILE = MyWardrope/Info.plist;
				IPHONEOS_DEPLOYMENT_TARGET = 8.3;
				LD_RUNPATH_SEARCH_PATHS = "$(inherited) @executable_path/Frameworks";
				PRODUCT_BUNDLE_IDENTIFIER = com.nat.mywardrope.MyWardrope;
				PRODUCT_NAME = "$(TARGET_NAME)";
			};
			name = Debug;
		};
		8472C30F1C6F992E00802C6D /* Release */ = {
			isa = XCBuildConfiguration;
			buildSettings = {
				ASSETCATALOG_COMPILER_APPICON_NAME = AppIcon;
				CODE_SIGN_IDENTITY = "iPhone Developer";
				INFOPLIST_FILE = MyWardrope/Info.plist;
				IPHONEOS_DEPLOYMENT_TARGET = 8.3;
				LD_RUNPATH_SEARCH_PATHS = "$(inherited) @executable_path/Frameworks";
				PRODUCT_BUNDLE_IDENTIFIER = com.nat.mywardrope.MyWardrope;
				PRODUCT_NAME = "$(TARGET_NAME)";
			};
			name = Release;
		};
/* End XCBuildConfiguration section */

/* Begin XCConfigurationList section */
		8472C2F41C6F992E00802C6D /* Build configuration list for PBXProject "MyWardrope" */ = {
			isa = XCConfigurationList;
			buildConfigurations = (
				8472C30B1C6F992E00802C6D /* Debug */,
				8472C30C1C6F992E00802C6D /* Release */,
			);
			defaultConfigurationIsVisible = 0;
			defaultConfigurationName = Release;
		};
		8472C30D1C6F992E00802C6D /* Build configuration list for PBXNativeTarget "MyWardrope" */ = {
			isa = XCConfigurationList;
			buildConfigurations = (
				8472C30E1C6F992E00802C6D /* Debug */,
				8472C30F1C6F992E00802C6D /* Release */,
			);
			defaultConfigurationIsVisible = 0;
			defaultConfigurationName = Release;
		};
/* End XCConfigurationList section */
	};
	rootObject = 8472C2F11C6F992E00802C6D /* Project object */;
}
